
Microsoft Visual Studio Solution File, Format Version 12.00
# Visual Studio Version 17
VisualStudioVersion = 17.14.37027.9 d17.14
MinimumVisualStudioVersion = 10.0.40219.1
Project("{8BC9CEB8-8B4A-11D0-8D11-00A0C91BC942}") = "Kadai1", "Kadai1\Kadai1.vcxproj", "{5DBAAA7F-9348-4B91-83B9-F11644DD3DD6}"
EndProject
Global
	GlobalSection(SolutionConfigurationPlatforms) = preSolution
		Debug|x64 = Debug|x64
		Debug|x86 = Debug|x86
		Release|x64 = Release|x64
		Release|x86 = Release|x86
	EndGlobalSection
	GlobalSection(ProjectConfigurationPlatforms) = postSolution
		{5DBAAA7F-9348-4B91-83B9-F11644DD3DD6}.Debug|x64.ActiveCfg = Debug|x64
		{5DBAAA7F-9348-4B91-83B9-F11644DD3DD6}.Debug|x64.Build.0 = Debug|x64
		{5DBAAA7F-9348-4B91-83B9-F11644DD3DD6}.Debug|x86.ActiveCfg = Debug|Win32
		{5DBAAA7F-9348-4B91-83B9-F11644DD3DD6}.Debug|x86.Build.0 = Debug|Win32
		{5DBAAA7F-9348-4B91-83B9-F11644DD3DD6}.Release|x64.ActiveCfg = Release|x64
		{5DBAAA7F-9348-4B91-83B9-F11644DD3DD6}.Release|x64.Build.0 = Release|x64
		{5DBAAA7F-9348-4B91-83B9-F11644DD3DD6}.Release|x86.ActiveCfg = Release|Win32
		{5DBAAA7F-9348-4B91-83B9-F11644DD3DD6}.Release|x86.Build.0 = Release|Win32
	EndGlobalSection
	GlobalSection(SolutionProperties) = preSolution
		HideSolutionNode = FALSE
	EndGlobalSection
	GlobalSection(ExtensibilityGlobals) = postSolution
		SolutionGuid = {85B4F352-A90C-49E6-BF11-C28D7D638621}
	EndGlobalSection
EndGlobal
